
Microsoft Visual Studio Solution File, Format Version 12.00
# Visual Studio Version 16
VisualStudioVersion = 16.0.30204.135
MinimumVisualStudioVersion = 10.0.40219.1
Project("{9A19103F-16F7-4668-BE54-9A1E7A4F7556}") = "BookListRazor", "BookListRazor\BookListRazor.csproj", "{532FD37F-8FC7-4EDB-8F2F-55FF2EFD24DC}"
EndProject
Global
	GlobalSection(SolutionConfigurationPlatforms) = preSolution
		Debug|Any CPU = Debug|Any CPU
		Release|Any CPU = Release|Any CPU
	EndGlobalSection
	GlobalSection(ProjectConfigurationPlatforms) = postSolution
		{532FD37F-8FC7-4EDB-8F2F-55FF2EFD24DC}.Debug|Any CPU.ActiveCfg = Debug|Any CPU
		{532FD37F-8FC7-4EDB-8F2F-55FF2EFD24DC}.Debug|Any CPU.Build.0 = Debug|Any CPU
		{532FD37F-8FC7-4EDB-8F2F-55FF2EFD24DC}.Release|Any CPU.ActiveCfg = Release|Any CPU
		{532FD37F-8FC7-4EDB-8F2F-55FF2EFD24DC}.Release|Any CPU.Build.0 = Release|Any CPU
	EndGlobalSection
	GlobalSection(SolutionProperties) = preSolution
		HideSolutionNode = FALSE
	EndGlobalSection
	GlobalSection(ExtensibilityGlobals) = postSolution
		SolutionGuid = {29CDC5DA-7546-4D11-A130-BBC2B7FD9AB0}
	EndGlobalSection
EndGlobal
